
Microsoft Visual Studio Solution File, Format Version 12.00
# Visual Studio Version 17
VisualStudioVersion = 17.10.34928.147
MinimumVisualStudioVersion = 10.0.40219.1
Project("{FAE04EC0-301F-11D3-BF4B-00C04F79EFBC}") = "ExercícioSessa9", "ExercícioSessa9\ExercícioSessa9.csproj", "{9E29E2E7-FAED-457D-A324-542394C447F0}"
EndProject
Global
	GlobalSection(SolutionConfigurationPlatforms) = preSolution
		Debug|Any CPU = Debug|Any CPU
		Release|Any CPU = Release|Any CPU
	EndGlobalSection
	GlobalSection(ProjectConfigurationPlatforms) = postSolution
		{9E29E2E7-FAED-457D-A324-542394C447F0}.Debug|Any CPU.ActiveCfg = Debug|Any CPU
		{9E29E2E7-FAED-457D-A324-542394C447F0}.Debug|Any CPU.Build.0 = Debug|Any CPU
		{9E29E2E7-FAED-457D-A324-542394C447F0}.Release|Any CPU.ActiveCfg = Release|Any CPU
		{9E29E2E7-FAED-457D-A324-542394C447F0}.Release|Any CPU.Build.0 = Release|Any CPU
	EndGlobalSection
	GlobalSection(SolutionProperties) = preSolution
		HideSolutionNode = FALSE
	EndGlobalSection
	GlobalSection(ExtensibilityGlobals) = postSolution
		SolutionGuid = {84D07785-E3CD-4BB6-8A9C-1A2A84281E63}
	EndGlobalSection
EndGlobal
